
Microsoft Visual Studio Solution File, Format Version 12.00
# Visual Studio Version 17
VisualStudioVersion = 17.11.35327.3
MinimumVisualStudioVersion = 10.0.40219.1
Project("{FAE04EC0-301F-11D3-BF4B-00C04F79EFBC}") = "12HRFormat", "12HRFormat\12HRFormat.csproj", "{FBD88D2E-2DFC-4E44-A6B7-5BA484001D8A}"
EndProject
Global
	GlobalSection(SolutionConfigurationPlatforms) = preSolution
		Debug|Any CPU = Debug|Any CPU
		Release|Any CPU = Release|Any CPU
	EndGlobalSection
	GlobalSection(ProjectConfigurationPlatforms) = postSolution
		{FBD88D2E-2DFC-4E44-A6B7-5BA484001D8A}.Debug|Any CPU.ActiveCfg = Debug|Any CPU
		{FBD88D2E-2DFC-4E44-A6B7-5BA484001D8A}.Debug|Any CPU.Build.0 = Debug|Any CPU
		{FBD88D2E-2DFC-4E44-A6B7-5BA484001D8A}.Release|Any CPU.ActiveCfg = Release|Any CPU
		{FBD88D2E-2DFC-4E44-A6B7-5BA484001D8A}.Release|Any CPU.Build.0 = Release|Any CPU
	EndGlobalSection
	GlobalSection(SolutionProperties) = preSolution
		HideSolutionNode = FALSE
	EndGlobalSection
	GlobalSection(ExtensibilityGlobals) = postSolution
		SolutionGuid = {FF12797F-E5A7-4C59-B834-6750E22F3370}
	EndGlobalSection
EndGlobal
